<?xml version="1.0" encoding="utf-8"?>
<Project ToolsVersion="4.0" xmlns="http://schemas.microsoft.com/developer/msbuild/2003">
  <ItemGroup>
    <Filter Include="Source Files">
      <UniqueIdentifier>{4FC737F1-C7A5-4376-A066-2A32D752A2FF}</UniqueIdentifier>
      <Extensions>cpp;c;cc;cxx;def;odl;idl;hpj;bat;asm;asmx</Extensions>
    </Filter>
    <Filter Include="Header Files">
      <UniqueIdentifier>{93995380-89BD-4b04-88EB-625FBE52EBFB}</UniqueIdentifier>
      <Extensions>h;hh;hpp;hxx;hm;inl;inc;xsd</Extensions>
    </Filter>
    <Filter Include="Resource Files">
      <UniqueIdentifier>{67DA6AB6-F800-4c08-8B7A-83BB121AAD01}</UniqueIdentifier>
      <Extensions>rc;ico;cur;bmp;dlg;rc2;rct;bin;rgs;gif;jpg;jpeg;jpe;resx;tiff;tif;png;wav;mfcribbon-ms</Extensions>
    </Filter>
    <Filter Include="Header Files\CSPs">
      <UniqueIdentifier>{ad88108f-b013-4ddd-b76e-6559122b0c17}</UniqueIdentifier>
    </Filter>
    <Filter Include="Source Files\CSPs">
      <UniqueIdentifier>{06f27b65-3d0c-4430-a2c1-81e0204c7e9e}</UniqueIdentifier>
    </Filter>
    <Filter Include="Source Files\CSPs\PrivateAPIs">
      <UniqueIdentifier>{198274df-c122-4cf2-89c0-f95260528835}</UniqueIdentifier>
    </Filter>
    <Filter Include="Header Files\CSPs\PrivateAPIs">
      <UniqueIdentifier>{06d05780-4583-4485-8a5d-06da12cf3db1}</UniqueIdentifier>
    </Filter>
  </ItemGroup>
  <ItemGroup>
    <Text Include="ReadMe.txt" />
  </ItemGroup>
  <ItemGroup>
    <ClInclude Include="stdafx.h">
      <Filter>Header Files</Filter>
    </ClInclude>
    <ClInclude Include="targetver.h">
      <Filter>Header Files</Filter>
    </ClInclude>
    <ClInclude Include="CommandProcessor.h">
      <Filter>Header Files</Filter>
    </ClInclude>
    <ClInclude Include="resource.h">
      <Filter>Header Files</Filter>
    </ClInclude>
    <ClInclude Include="DMService.h">
      <Filter>Header Files</Filter>
    </ClInclude>
    <ClInclude Include="CSPs\EnterpriseModernAppManagementCSP.h">
      <Filter>Header Files\CSPs</Filter>
    </ClInclude>
    <ClInclude Include="CSPs\MdmProvision.h">
      <Filter>Header Files\CSPs</Filter>
    </ClInclude>
    <ClInclude Include="CSPs\PolicyCSP.h">
      <Filter>Header Files\CSPs</Filter>
    </ClInclude>
    <ClInclude Include="CSPs\RebootCSP.h">
      <Filter>Header Files\CSPs</Filter>
    </ClInclude>
    <ClInclude Include="CSPs\RemoteWipeCSP.h">
      <Filter>Header Files\CSPs</Filter>
    </ClInclude>
    <ClInclude Include="CSPs\UpdateCSP.h">
      <Filter>Header Files\CSPs</Filter>
    </ClInclude>
    <ClInclude Include="CSPs\PrivateAPIs\CSPController.h">
      <Filter>Header Files\CSPs\PrivateAPIs</Filter>
    </ClInclude>
    <ClInclude Include="CSPs\PrivateAPIs\IProvisioningDPULocal.h">
      <Filter>Header Files\CSPs\PrivateAPIs</Filter>
    </ClInclude>
    <ClInclude Include="TimeCfg.h">
      <Filter>Header Files</Filter>
    </ClInclude>
    <ClInclude Include="CSPs\DeviceStatusCSP.h">
      <Filter>Header Files\CSPs</Filter>
    </ClInclude>
    <ClInclude Include="CSPs\CustomDeviceUiCsp.h">
      <Filter>Source Files\CSPs</Filter>
    </ClInclude>
  </ItemGroup>
  <ItemGroup>
    <ClCompile Include="stdafx.cpp">
      <Filter>Source Files</Filter>
    </ClCompile>
    <ClCompile Include="SystemConfigurator.cpp">
      <Filter>Source Files</Filter>
    </ClCompile>
    <ClCompile Include="CommandProcessor.cpp">
      <Filter>Source Files</Filter>
    </ClCompile>
    <ClCompile Include="DMService.cpp">
      <Filter>Source Files</Filter>
    </ClCompile>
    <ClCompile Include="CSPs\EnterpriseModernAppManagementCSP.cpp">
      <Filter>Source Files\CSPs</Filter>
    </ClCompile>
    <ClCompile Include="CSPs\MdmProvision.cpp">
      <Filter>Source Files\CSPs</Filter>
    </ClCompile>
    <ClCompile Include="CSPs\PolicyCSP.cpp">
      <Filter>Source Files\CSPs</Filter>
    </ClCompile>
    <ClCompile Include="CSPs\RebootCSP.cpp">
      <Filter>Source Files\CSPs</Filter>
    </ClCompile>
    <ClCompile Include="CSPs\RemoteWipeCSP.cpp">
      <Filter>Source Files\CSPs</Filter>
    </ClCompile>
    <ClCompile Include="CSPs\UpdateCSP.cpp">
      <Filter>Source Files\CSPs</Filter>
    </ClCompile>
    <ClCompile Include="CSPs\PrivateAPIs\CSPController.cpp">
      <Filter>Source Files\CSPs\PrivateAPIs</Filter>
    </ClCompile>
    <ClCompile Include="TimeCfg.cpp">
      <Filter>Source Files</Filter>
    </ClCompile>
    <ClCompile Include="CSPs\DeviceStatusCSP.cpp">
      <Filter>Source Files\CSPs</Filter>
    </ClCompile>
    <ClCompile Include="CSPs\CustomDeviceUiCsp.cpp">
      <Filter>Source Files\CSPs</Filter>
    </ClCompile>
  </ItemGroup>
  <ItemGroup>
    <ResourceCompile Include="Resource.rc">
      <Filter>Resource Files</Filter>
    </ResourceCompile>
  </ItemGroup>
</Project>