<?xml version="1.0" encoding="utf-8"?>
<Project ToolsVersion="4.0" xmlns="http://schemas.microsoft.com/developer/msbuild/2003">
  <ItemGroup>
    <Filter Include="Source Files">
      <UniqueIdentifier>{4FC737F1-C7A5-4376-A066-2A32D752A2FF}</UniqueIdentifier>
      <Extensions>cpp;c;cc;cxx;def;odl;idl;hpj;bat;asm;asmx</Extensions>
    </Filter>
    <Filter Include="Header Files">
      <UniqueIdentifier>{93995380-89BD-4b04-88EB-625FBE52EBFB}</UniqueIdentifier>
      <Extensions>h;hh;hpp;hxx;hm;inl;inc;xsd</Extensions>
    </Filter>
    <Filter Include="Resource Files">
      <UniqueIdentifier>{67DA6AB6-F800-4c08-8B7A-83BB121AAD01}</UniqueIdentifier>
      <Extensions>rc;ico;cur;bmp;dlg;rc2;rct;bin;rgs;gif;jpg;jpeg;jpe;resx;tiff;tif;png;wav;mfcribbon-ms</Extensions>
    </Filter>
    <Filter Include="Header Files\LocalAgent">
      <UniqueIdentifier>{2525e957-6ddb-47b1-9d51-51bd7f4d9167}</UniqueIdentifier>
    </Filter>
    <Filter Include="Source Files\LocalAgent">
      <UniqueIdentifier>{50443752-6611-4297-9ef7-7c5cef01178b}</UniqueIdentifier>
    </Filter>
    <Filter Include="Header Files\LocalAgent\CSPs">
      <UniqueIdentifier>{6af7b9b8-c9d6-4120-86f1-0c784f3479b4}</UniqueIdentifier>
    </Filter>
    <Filter Include="Source Files\LocalAgent\CSPs">
      <UniqueIdentifier>{cc0431ff-ec77-463d-84bb-c33ac673262e}</UniqueIdentifier>
    </Filter>
    <Filter Include="Header Files\LocalAgent\CSPs\PrivateAPIs">
      <UniqueIdentifier>{48cd2fe3-4a8d-4f2a-853d-baa21585c687}</UniqueIdentifier>
    </Filter>
    <Filter Include="Source Files\LocalAgent\CSPs\PrivateAPIs">
      <UniqueIdentifier>{ffc89973-8470-4404-88ce-b6401f04d9c1}</UniqueIdentifier>
    </Filter>
    <Filter Include="Header Files\Utilities">
      <UniqueIdentifier>{712de745-6dd2-48a2-b205-5332381437e4}</UniqueIdentifier>
    </Filter>
    <Filter Include="Source Files\Utilities">
      <UniqueIdentifier>{c6b59a64-3fcd-4cba-8d32-1ced6d753393}</UniqueIdentifier>
    </Filter>
  </ItemGroup>
  <ItemGroup>
    <Text Include="ReadMe.txt" />
  </ItemGroup>
  <ItemGroup>
    <ClInclude Include="stdafx.h">
      <Filter>Header Files</Filter>
    </ClInclude>
    <ClInclude Include="targetver.h">
      <Filter>Header Files</Filter>
    </ClInclude>
    <ClInclude Include="IoTDMService.h">
      <Filter>Header Files</Filter>
    </ClInclude>
    <ClInclude Include="ServiceBase.h">
      <Filter>Header Files</Filter>
    </ClInclude>
    <ClInclude Include="ServiceInstaller.h">
      <Filter>Header Files</Filter>
    </ClInclude>
    <ClInclude Include="AzureAgent.h">
      <Filter>Header Files</Filter>
    </ClInclude>
    <ClInclude Include="resource.h">
      <Filter>Header Files</Filter>
    </ClInclude>
    <ClInclude Include="LocalAgent\CSPs\PrivateAPIs\CSPController.h">
      <Filter>Header Files\LocalAgent\CSPs\PrivateAPIs</Filter>
    </ClInclude>
    <ClInclude Include="LocalAgent\CSPs\PrivateAPIs\IProvisioningDPULocal.h">
      <Filter>Header Files\LocalAgent\CSPs\PrivateAPIs</Filter>
    </ClInclude>
    <ClInclude Include="LocalAgent\CSPs\MdmProvision.h">
      <Filter>Header Files\LocalAgent\CSPs</Filter>
    </ClInclude>
    <ClInclude Include="LocalAgent\CSPs\PolicyCSP.h">
      <Filter>Header Files\LocalAgent\CSPs</Filter>
    </ClInclude>
    <ClInclude Include="LocalAgent\CSPs\UpdateCSP.h">
      <Filter>Header Files\LocalAgent\CSPs</Filter>
    </ClInclude>
    <ClInclude Include="LocalAgent\LocalAgent.h">
      <Filter>Header Files\LocalAgent</Filter>
    </ClInclude>
    <ClInclude Include="Utilities\Logger.h">
      <Filter>Header Files\Utilities</Filter>
    </ClInclude>
    <ClInclude Include="Utilities\Utils.h">
      <Filter>Header Files\Utilities</Filter>
    </ClInclude>
    <ClInclude Include="Utilities\XmlParser.h">
      <Filter>Header Files\Utilities</Filter>
    </ClInclude>
  </ItemGroup>
  <ItemGroup>
    <ClCompile Include="stdafx.cpp">
      <Filter>Source Files</Filter>
    </ClCompile>
    <ClCompile Include="IoTDMAgent.cpp">
      <Filter>Source Files</Filter>
    </ClCompile>
    <ClCompile Include="IoTDMService.cpp">
      <Filter>Source Files</Filter>
    </ClCompile>
    <ClCompile Include="ServiceBase.cpp">
      <Filter>Source Files</Filter>
    </ClCompile>
    <ClCompile Include="ServiceInstaller.cpp">
      <Filter>Source Files</Filter>
    </ClCompile>
    <ClCompile Include="AzureAgent.cpp">
      <Filter>Source Files</Filter>
    </ClCompile>
    <ClCompile Include="LocalAgent\CSPs\PrivateAPIs\CSPController.cpp">
      <Filter>Source Files\LocalAgent\CSPs\PrivateAPIs</Filter>
    </ClCompile>
    <ClCompile Include="LocalAgent\CSPs\UpdateCSP.cpp">
      <Filter>Source Files\LocalAgent\CSPs</Filter>
    </ClCompile>
    <ClCompile Include="LocalAgent\CSPs\PolicyCSP.cpp">
      <Filter>Source Files\LocalAgent\CSPs</Filter>
    </ClCompile>
    <ClCompile Include="LocalAgent\CSPs\MdmProvision.cpp">
      <Filter>Source Files\LocalAgent\CSPs</Filter>
    </ClCompile>
    <ClCompile Include="LocalAgent\LocalAgent.cpp">
      <Filter>Source Files\LocalAgent</Filter>
    </ClCompile>
    <ClCompile Include="Utilities\Logger.cpp">
      <Filter>Source Files\Utilities</Filter>
    </ClCompile>
    <ClCompile Include="Utilities\Utils.cpp">
      <Filter>Source Files\Utilities</Filter>
    </ClCompile>
    <ClCompile Include="Utilities\XmlParser.cpp">
      <Filter>Source Files\Utilities</Filter>
    </ClCompile>
  </ItemGroup>
  <ItemGroup>
    <ResourceCompile Include="IoTDMAgent.rc">
      <Filter>Resource Files</Filter>
    </ResourceCompile>
  </ItemGroup>
</Project>