
Microsoft Visual Studio Solution File, Format Version 12.00
# Visual Studio 14
VisualStudioVersion = 14.0.25420.1
MinimumVisualStudioVersion = 10.0.40219.1
Project("{8BC9CEB8-8B4A-11D0-8D11-00A0C91BC942}") = "IoTDMAgent", "IoTDMAgent\IoTDMAgent.vcxproj", "{BC896087-BD60-4D31-B3B6-24F725FFD7DF}"
EndProject
Project("{8BC9CEB8-8B4A-11D0-8D11-00A0C91BC942}") = "CSPTest", "IoTDMAgent\CSPTest.vcxproj", "{51ADD678-6C67-45FA-A84D-2EECBB590083}"
EndProject
Project("{8BC9CEB8-8B4A-11D0-8D11-00A0C91BC942}") = "CSPSupport", "CSPSupport\CSPSupport.vcxitems", "{45D41ACC-2C3C-43D2-BC10-02AA73FFC7C7}"
EndProject
Global
	GlobalSection(SharedMSBuildProjectFiles) = preSolution
		CSPSupport\CSPSupport.vcxitems*{45d41acc-2c3c-43d2-bc10-02aa73ffc7c7}*SharedItemsImports = 9
		CSPSupport\CSPSupport.vcxitems*{51add678-6c67-45fa-a84d-2eecbb590083}*SharedItemsImports = 4
		CSPSupport\CSPSupport.vcxitems*{bc896087-bd60-4d31-b3b6-24f725ffd7df}*SharedItemsImports = 4
	EndGlobalSection
	GlobalSection(SolutionConfigurationPlatforms) = preSolution
		Debug|ARM = Debug|ARM
		Debug|x64 = Debug|x64
		Debug|x86 = Debug|x86
		Release|ARM = Release|ARM
		Release|x64 = Release|x64
		Release|x86 = Release|x86
	EndGlobalSection
	GlobalSection(ProjectConfigurationPlatforms) = postSolution
		{BC896087-BD60-4D31-B3B6-24F725FFD7DF}.Debug|ARM.ActiveCfg = Debug|ARM
		{BC896087-BD60-4D31-B3B6-24F725FFD7DF}.Debug|ARM.Build.0 = Debug|ARM
		{BC896087-BD60-4D31-B3B6-24F725FFD7DF}.Debug|x64.ActiveCfg = Debug|x64
		{BC896087-BD60-4D31-B3B6-24F725FFD7DF}.Debug|x64.Build.0 = Debug|x64
		{BC896087-BD60-4D31-B3B6-24F725FFD7DF}.Debug|x86.ActiveCfg = Debug|Win32
		{BC896087-BD60-4D31-B3B6-24F725FFD7DF}.Debug|x86.Build.0 = Debug|Win32
		{BC896087-BD60-4D31-B3B6-24F725FFD7DF}.Release|ARM.ActiveCfg = Release|ARM
		{BC896087-BD60-4D31-B3B6-24F725FFD7DF}.Release|ARM.Build.0 = Release|ARM
		{BC896087-BD60-4D31-B3B6-24F725FFD7DF}.Release|x64.ActiveCfg = Release|x64
		{BC896087-BD60-4D31-B3B6-24F725FFD7DF}.Release|x64.Build.0 = Release|x64
		{BC896087-BD60-4D31-B3B6-24F725FFD7DF}.Release|x86.ActiveCfg = Release|Win32
		{BC896087-BD60-4D31-B3B6-24F725FFD7DF}.Release|x86.Build.0 = Release|Win32
		{51ADD678-6C67-45FA-A84D-2EECBB590083}.Debug|ARM.ActiveCfg = Debug|ARM
		{51ADD678-6C67-45FA-A84D-2EECBB590083}.Debug|ARM.Build.0 = Debug|ARM
		{51ADD678-6C67-45FA-A84D-2EECBB590083}.Debug|ARM.Deploy.0 = Debug|ARM
		{51ADD678-6C67-45FA-A84D-2EECBB590083}.Debug|x64.ActiveCfg = Debug|x64
		{51ADD678-6C67-45FA-A84D-2EECBB590083}.Debug|x64.Build.0 = Debug|x64
		{51ADD678-6C67-45FA-A84D-2EECBB590083}.Debug|x86.ActiveCfg = Debug|Win32
		{51ADD678-6C67-45FA-A84D-2EECBB590083}.Debug|x86.Build.0 = Debug|Win32
		{51ADD678-6C67-45FA-A84D-2EECBB590083}.Release|ARM.ActiveCfg = Release|ARM
		{51ADD678-6C67-45FA-A84D-2EECBB590083}.Release|ARM.Build.0 = Release|ARM
		{51ADD678-6C67-45FA-A84D-2EECBB590083}.Release|x64.ActiveCfg = Release|x64
		{51ADD678-6C67-45FA-A84D-2EECBB590083}.Release|x64.Build.0 = Release|x64
		{51ADD678-6C67-45FA-A84D-2EECBB590083}.Release|x86.ActiveCfg = Release|Win32
		{51ADD678-6C67-45FA-A84D-2EECBB590083}.Release|x86.Build.0 = Release|Win32
	EndGlobalSection
	GlobalSection(SolutionProperties) = preSolution
		HideSolutionNode = FALSE
	EndGlobalSection
EndGlobal
