
Microsoft Visual Studio Solution File, Format Version 12.00
# Visual Studio 14
VisualStudioVersion = 14.0.25420.1
MinimumVisualStudioVersion = 10.0.40219.1
Project("{8BC9CEB8-8B4A-11D0-8D11-00A0C91BC942}") = "SystemConfigurator", "SystemConfigurator\SystemConfigurator.vcxproj", "{CBBD687C-3B2A-4216-8F74-754A72E05D7F}"
EndProject
Project("{8BC9CEB8-8B4A-11D0-8D11-00A0C91BC942}") = "CommProxy", "CommProxy\CommProxy.vcxproj", "{C6AEFE90-4909-410B-8406-839AF6FD38B6}"
EndProject
Project("{8BC9CEB8-8B4A-11D0-8D11-00A0C91BC942}") = "SharedUtilities", "SharedUtilities\SharedUtilities.vcxitems", "{45D41ACC-2C3C-43D2-BC10-02AA73FFC7C7}"
EndProject
Project("{FAE04EC0-301F-11D3-BF4B-00C04F79EFBC}") = "Toaster", "ToasterApp\Toaster.csproj", "{2D2BEC79-D9BD-46F6-B2B6-0F63678C4EBB}"
EndProject
Project("{FAE04EC0-301F-11D3-BF4B-00C04F79EFBC}") = "IoTDMClientLib", "IoTDMClientLib\IoTDMClientLib.csproj", "{F29E2C50-97BE-4C33-B601-E52AAB5596E9}"
EndProject
Project("{8BC9CEB8-8B4A-11D0-8D11-00A0C91BC942}") = "CommProxyTests", "CommProxyTests\CommProxyTests.vcxproj", "{4352E901-C90F-4CAF-BD9E-D4E063C61BE6}"
EndProject
Global
	GlobalSection(SharedMSBuildProjectFiles) = preSolution
		SharedUtilities\SharedUtilities.vcxitems*{4352e901-c90f-4caf-bd9e-d4e063c61be6}*SharedItemsImports = 4
		SharedUtilities\SharedUtilities.vcxitems*{45d41acc-2c3c-43d2-bc10-02aa73ffc7c7}*SharedItemsImports = 9
		SharedUtilities\SharedUtilities.vcxitems*{c6aefe90-4909-410b-8406-839af6fd38b6}*SharedItemsImports = 4
		SharedUtilities\SharedUtilities.vcxitems*{cbbd687c-3b2a-4216-8f74-754a72e05d7f}*SharedItemsImports = 4
	EndGlobalSection
	GlobalSection(SolutionConfigurationPlatforms) = preSolution
		Debug|Any CPU = Debug|Any CPU
		Debug|ARM = Debug|ARM
		Debug|x64 = Debug|x64
		Debug|x86 = Debug|x86
		Release|Any CPU = Release|Any CPU
		Release|ARM = Release|ARM
		Release|x64 = Release|x64
		Release|x86 = Release|x86
	EndGlobalSection
	GlobalSection(ProjectConfigurationPlatforms) = postSolution
		{CBBD687C-3B2A-4216-8F74-754A72E05D7F}.Debug|Any CPU.ActiveCfg = Debug|Win32
		{CBBD687C-3B2A-4216-8F74-754A72E05D7F}.Debug|ARM.ActiveCfg = Debug|ARM
		{CBBD687C-3B2A-4216-8F74-754A72E05D7F}.Debug|ARM.Build.0 = Debug|ARM
		{CBBD687C-3B2A-4216-8F74-754A72E05D7F}.Debug|x64.ActiveCfg = Debug|x64
		{CBBD687C-3B2A-4216-8F74-754A72E05D7F}.Debug|x64.Build.0 = Debug|x64
		{CBBD687C-3B2A-4216-8F74-754A72E05D7F}.Debug|x86.ActiveCfg = Debug|Win32
		{CBBD687C-3B2A-4216-8F74-754A72E05D7F}.Debug|x86.Build.0 = Debug|Win32
		{CBBD687C-3B2A-4216-8F74-754A72E05D7F}.Release|Any CPU.ActiveCfg = Release|Win32
		{CBBD687C-3B2A-4216-8F74-754A72E05D7F}.Release|ARM.ActiveCfg = Release|ARM
		{CBBD687C-3B2A-4216-8F74-754A72E05D7F}.Release|ARM.Build.0 = Release|ARM
		{CBBD687C-3B2A-4216-8F74-754A72E05D7F}.Release|x64.ActiveCfg = Release|x64
		{CBBD687C-3B2A-4216-8F74-754A72E05D7F}.Release|x64.Build.0 = Release|x64
		{CBBD687C-3B2A-4216-8F74-754A72E05D7F}.Release|x86.ActiveCfg = Release|Win32
		{CBBD687C-3B2A-4216-8F74-754A72E05D7F}.Release|x86.Build.0 = Release|Win32
		{C6AEFE90-4909-410B-8406-839AF6FD38B6}.Debug|Any CPU.ActiveCfg = Debug|Win32
		{C6AEFE90-4909-410B-8406-839AF6FD38B6}.Debug|ARM.ActiveCfg = Debug|ARM
		{C6AEFE90-4909-410B-8406-839AF6FD38B6}.Debug|ARM.Build.0 = Debug|ARM
		{C6AEFE90-4909-410B-8406-839AF6FD38B6}.Debug|x64.ActiveCfg = Debug|x64
		{C6AEFE90-4909-410B-8406-839AF6FD38B6}.Debug|x64.Build.0 = Debug|x64
		{C6AEFE90-4909-410B-8406-839AF6FD38B6}.Debug|x86.ActiveCfg = Debug|Win32
		{C6AEFE90-4909-410B-8406-839AF6FD38B6}.Debug|x86.Build.0 = Debug|Win32
		{C6AEFE90-4909-410B-8406-839AF6FD38B6}.Release|Any CPU.ActiveCfg = Release|Win32
		{C6AEFE90-4909-410B-8406-839AF6FD38B6}.Release|ARM.ActiveCfg = Release|ARM
		{C6AEFE90-4909-410B-8406-839AF6FD38B6}.Release|ARM.Build.0 = Release|ARM
		{C6AEFE90-4909-410B-8406-839AF6FD38B6}.Release|x64.ActiveCfg = Release|x64
		{C6AEFE90-4909-410B-8406-839AF6FD38B6}.Release|x64.Build.0 = Release|x64
		{C6AEFE90-4909-410B-8406-839AF6FD38B6}.Release|x86.ActiveCfg = Release|Win32
		{C6AEFE90-4909-410B-8406-839AF6FD38B6}.Release|x86.Build.0 = Release|Win32
		{2D2BEC79-D9BD-46F6-B2B6-0F63678C4EBB}.Debug|Any CPU.ActiveCfg = Debug|x86
		{2D2BEC79-D9BD-46F6-B2B6-0F63678C4EBB}.Debug|ARM.ActiveCfg = Debug|ARM
		{2D2BEC79-D9BD-46F6-B2B6-0F63678C4EBB}.Debug|ARM.Build.0 = Debug|ARM
		{2D2BEC79-D9BD-46F6-B2B6-0F63678C4EBB}.Debug|ARM.Deploy.0 = Debug|ARM
		{2D2BEC79-D9BD-46F6-B2B6-0F63678C4EBB}.Debug|x64.ActiveCfg = Debug|x64
		{2D2BEC79-D9BD-46F6-B2B6-0F63678C4EBB}.Debug|x64.Build.0 = Debug|x64
		{2D2BEC79-D9BD-46F6-B2B6-0F63678C4EBB}.Debug|x64.Deploy.0 = Debug|x64
		{2D2BEC79-D9BD-46F6-B2B6-0F63678C4EBB}.Debug|x86.ActiveCfg = Debug|x86
		{2D2BEC79-D9BD-46F6-B2B6-0F63678C4EBB}.Debug|x86.Build.0 = Debug|x86
		{2D2BEC79-D9BD-46F6-B2B6-0F63678C4EBB}.Debug|x86.Deploy.0 = Debug|x86
		{2D2BEC79-D9BD-46F6-B2B6-0F63678C4EBB}.Release|Any CPU.ActiveCfg = Release|x86
		{2D2BEC79-D9BD-46F6-B2B6-0F63678C4EBB}.Release|ARM.ActiveCfg = Release|ARM
		{2D2BEC79-D9BD-46F6-B2B6-0F63678C4EBB}.Release|ARM.Build.0 = Release|ARM
		{2D2BEC79-D9BD-46F6-B2B6-0F63678C4EBB}.Release|ARM.Deploy.0 = Release|ARM
		{2D2BEC79-D9BD-46F6-B2B6-0F63678C4EBB}.Release|x64.ActiveCfg = Release|x64
		{2D2BEC79-D9BD-46F6-B2B6-0F63678C4EBB}.Release|x64.Build.0 = Release|x64
		{2D2BEC79-D9BD-46F6-B2B6-0F63678C4EBB}.Release|x64.Deploy.0 = Release|x64
		{2D2BEC79-D9BD-46F6-B2B6-0F63678C4EBB}.Release|x86.ActiveCfg = Release|x86
		{2D2BEC79-D9BD-46F6-B2B6-0F63678C4EBB}.Release|x86.Build.0 = Release|x86
		{2D2BEC79-D9BD-46F6-B2B6-0F63678C4EBB}.Release|x86.Deploy.0 = Release|x86
		{F29E2C50-97BE-4C33-B601-E52AAB5596E9}.Debug|Any CPU.ActiveCfg = Debug|Any CPU
		{F29E2C50-97BE-4C33-B601-E52AAB5596E9}.Debug|Any CPU.Build.0 = Debug|Any CPU
		{F29E2C50-97BE-4C33-B601-E52AAB5596E9}.Debug|ARM.ActiveCfg = Debug|ARM
		{F29E2C50-97BE-4C33-B601-E52AAB5596E9}.Debug|ARM.Build.0 = Debug|ARM
		{F29E2C50-97BE-4C33-B601-E52AAB5596E9}.Debug|x64.ActiveCfg = Debug|x64
		{F29E2C50-97BE-4C33-B601-E52AAB5596E9}.Debug|x64.Build.0 = Debug|x64
		{F29E2C50-97BE-4C33-B601-E52AAB5596E9}.Debug|x86.ActiveCfg = Debug|x86
		{F29E2C50-97BE-4C33-B601-E52AAB5596E9}.Debug|x86.Build.0 = Debug|x86
		{F29E2C50-97BE-4C33-B601-E52AAB5596E9}.Release|Any CPU.ActiveCfg = Release|Any CPU
		{F29E2C50-97BE-4C33-B601-E52AAB5596E9}.Release|Any CPU.Build.0 = Release|Any CPU
		{F29E2C50-97BE-4C33-B601-E52AAB5596E9}.Release|ARM.ActiveCfg = Release|Any CPU
		{F29E2C50-97BE-4C33-B601-E52AAB5596E9}.Release|ARM.Build.0 = Release|Any CPU
		{F29E2C50-97BE-4C33-B601-E52AAB5596E9}.Release|x64.ActiveCfg = Release|Any CPU
		{F29E2C50-97BE-4C33-B601-E52AAB5596E9}.Release|x64.Build.0 = Release|Any CPU
		{F29E2C50-97BE-4C33-B601-E52AAB5596E9}.Release|x86.ActiveCfg = Release|Any CPU
		{F29E2C50-97BE-4C33-B601-E52AAB5596E9}.Release|x86.Build.0 = Release|Any CPU
		{4352E901-C90F-4CAF-BD9E-D4E063C61BE6}.Debug|Any CPU.ActiveCfg = Debug|Win32
		{4352E901-C90F-4CAF-BD9E-D4E063C61BE6}.Debug|ARM.ActiveCfg = Debug|Win32
		{4352E901-C90F-4CAF-BD9E-D4E063C61BE6}.Debug|x64.ActiveCfg = Debug|x64
		{4352E901-C90F-4CAF-BD9E-D4E063C61BE6}.Debug|x64.Build.0 = Debug|x64
		{4352E901-C90F-4CAF-BD9E-D4E063C61BE6}.Debug|x86.ActiveCfg = Debug|Win32
		{4352E901-C90F-4CAF-BD9E-D4E063C61BE6}.Debug|x86.Build.0 = Debug|Win32
		{4352E901-C90F-4CAF-BD9E-D4E063C61BE6}.Release|Any CPU.ActiveCfg = Release|Win32
		{4352E901-C90F-4CAF-BD9E-D4E063C61BE6}.Release|ARM.ActiveCfg = Release|Win32
		{4352E901-C90F-4CAF-BD9E-D4E063C61BE6}.Release|x64.ActiveCfg = Release|x64
		{4352E901-C90F-4CAF-BD9E-D4E063C61BE6}.Release|x64.Build.0 = Release|x64
		{4352E901-C90F-4CAF-BD9E-D4E063C61BE6}.Release|x86.ActiveCfg = Release|Win32
		{4352E901-C90F-4CAF-BD9E-D4E063C61BE6}.Release|x86.Build.0 = Release|Win32
	EndGlobalSection
	GlobalSection(SolutionProperties) = preSolution
		HideSolutionNode = FALSE
	EndGlobalSection
EndGlobal
