<?xml version="1.0" encoding="utf-8"?>
<Project ToolsVersion="14.0" xmlns="http://schemas.microsoft.com/developer/msbuild/2003">
  <ItemGroup>
    <Filter Include="Resources">
      <UniqueIdentifier>0de3289f-ad3d-427a-894a-4e252369122e</UniqueIdentifier>
      <Extensions>rc;ico;cur;bmp;dlg;rc2;rct;bin;rgs;gif;jpg;jpeg;jpe;resx;tga;tiff;tif;png;wav;mfcribbon-ms</Extensions>
    </Filter>
    <Filter Include="Models">
      <UniqueIdentifier>{400481d8-12ba-46ef-85f1-2ea1fb7835e0}</UniqueIdentifier>
    </Filter>
  </ItemGroup>
  <ItemGroup>
    <ClCompile Include="stdafx.cpp" />
    <ClCompile Include="DMMessage.cpp" />
    <ClCompile Include="..\SharedUtilities\Logger.cpp" />
    <ClCompile Include="..\SharedUtilities\StringUtils.cpp" />
    <ClCompile Include="..\SharedUtilities\ETWLogger.cpp" />
  </ItemGroup>
  <ItemGroup>
    <ClInclude Include="SerializationHelper.h" />
    <ClInclude Include="stdafx.h" />
    <ClInclude Include="Blob.h" />
    <ClInclude Include="DMMessageKind.h" />
    <ClInclude Include="IRequestIResponse.h" />
    <ClInclude Include="DMMessageException.h" />
    <ClInclude Include="CurrentVersion.h" />
    <ClInclude Include="ResponseStatus.h" />
    <ClInclude Include="Models\AppInstall.h">
      <Filter>Models</Filter>
    </ClInclude>
    <ClInclude Include="Models\CheckForUpdates.h">
      <Filter>Models</Filter>
    </ClInclude>
    <ClInclude Include="Models\Reboot.h">
      <Filter>Models</Filter>
    </ClInclude>
    <ClInclude Include="Models\StatusCodeResponse.h">
      <Filter>Models</Filter>
    </ClInclude>
    <ClInclude Include="Models\AllModels.h">
      <Filter>Models</Filter>
    </ClInclude>
    <ClInclude Include="Models\TimeInfo.h">
      <Filter>Models</Filter>
    </ClInclude>
    <ClInclude Include="Models\AppLifecycle.h">
      <Filter>Models</Filter>
    </ClInclude>
    <ClInclude Include="Models\FileTransfer.h">
      <Filter>Models</Filter>
    </ClInclude>
    <ClInclude Include="Models\StartupApp.h">
      <Filter>Models</Filter>
    </ClInclude>
    <ClInclude Include="Models\AppUninstall.h">
      <Filter>Models</Filter>
    </ClInclude>
    <ClInclude Include="Models\ListApps.h">
      <Filter>Models</Filter>
    </ClInclude>
    <ClInclude Include="DMMessageSerialization.h" />
    <ClInclude Include="DMGarbageCollector.h" />
    <ClInclude Include="Models\StringResponse.h">
      <Filter>Models</Filter>
    </ClInclude>
    <ClInclude Include="Models\TpmRequests.h">
      <Filter>Models</Filter>
    </ClInclude>
    <ClInclude Include="Models\CertificateConfiguration.h">
      <Filter>Models</Filter>
    </ClInclude>
    <ClInclude Include="Models\CertificateDetails.h">
      <Filter>Models</Filter>
    </ClInclude>
    <ClInclude Include="Models\DeviceInfo.h">
      <Filter>Models</Filter>
    </ClInclude>
    <ClInclude Include="Models\WindowsUpdatePolicy.h">
      <Filter>Models</Filter>
    </ClInclude>
    <ClInclude Include="Models\WindowsUpdates.h">
      <Filter>Models</Filter>
    </ClInclude>
    <ClInclude Include="Models\WindowsUpdateRebootPolicy.h">
      <Filter>Models</Filter>
    </ClInclude>
    <ClInclude Include="Models\FactoryReset.h">
      <Filter>Models</Filter>
    </ClInclude>
    <ClInclude Include="Models\DeviceHealthAttestation.h">
      <Filter>Models</Filter>
    </ClInclude>
    <ClInclude Include="Models\ModelHelper.h">
      <Filter>Models</Filter>
    </ClInclude>
    <ClInclude Include="Models\WifiConfiguration.h">
      <Filter>Models</Filter>
    </ClInclude>
    <ClInclude Include="Models\WifiDetails.h">
      <Filter>Models</Filter>
    </ClInclude>
    <ClInclude Include="Models\ModelHelper.h">
      <Filter>Models</Filter>
    </ClInclude>
    <ClInclude Include="Models\EventTracingConfiguration.h">
      <Filter>Models</Filter>
    </ClInclude>
    <ClInclude Include="Models\DeviceDMStorage.h">
      <Filter>Models</Filter>
    </ClInclude>
    <ClInclude Include="Models\StringListResponse.h">
      <Filter>Models</Filter>
    </ClInclude>
    <ClInclude Include="Models\ExitDM.h">
      <Filter>Models</Filter>
    </ClInclude>
    <ClInclude Include="Models\ErrorResponse.h">
      <Filter>Models</Filter>
    </ClInclude>
    <ClInclude Include="Models\TimeService.h">
      <Filter>Models</Filter>
    </ClInclude>
    <ClInclude Include="Models\WindowsTelemetry.h">
      <Filter>Models</Filter>
    </ClInclude>
    <ClInclude Include="Models\Policy.h">
      <Filter>Models</Filter>
    </ClInclude>
    <ClInclude Include="Models\RemoteWipe.h">
      <Filter>Models</Filter>
    </ClInclude>
  </ItemGroup>
  <ItemGroup>
    <None Include="Models\ModelsInfo.dat" />
  </ItemGroup>
</Project>