<?xml version="1.0" encoding="utf-8"?>
<Project ToolsVersion="14.0" xmlns="http://schemas.microsoft.com/developer/msbuild/2003">
  <ItemGroup>
    <Filter Include="Common">
      <UniqueIdentifier>81d95eea-286c-4a5e-98f1-eef612020bf0</UniqueIdentifier>
    </Filter>
  </ItemGroup>
  <ItemGroup>
    <ClCompile Include="pch.cpp" />
    <ClCompile Include="SystemConfiguratorProxyInterface.c" />
    <ClCompile Include="SCProxyClient.cpp" />
  </ItemGroup>
  <ItemGroup>
    <ClInclude Include="pch.h" />
    <ClInclude Include="SCProxyClient.h" />
  </ItemGroup>
  <ItemGroup>
    <None Include="SystemConfiguratorProxyClient.SCCD" />
  </ItemGroup>
</Project>