Microsoft Visual Studio Solution File, Format Version 12.00
# Visual Studio 15
VisualStudioVersion = 15.0.26228.0
MinimumVisualStudioVersion = 10.0.40219.1
Project("{8BC9CEB8-8B4A-11D0-8D11-00A0C91BC942}") = "SystemConfigurator", "SystemConfigurator\SystemConfigurator.vcxproj", "{CBBD687C-3B2A-4216-8F74-754A72E05D7F}"
EndProject
Project("{8BC9CEB8-8B4A-11D0-8D11-00A0C91BC942}") = "CommProxy", "CommProxy\CommProxy.vcxproj", "{C6AEFE90-4909-410B-8406-839AF6FD38B6}"
EndProject
Project("{8BC9CEB8-8B4A-11D0-8D11-00A0C91BC942}") = "SharedUtilities", "SharedUtilities\SharedUtilities.vcxitems", "{45D41ACC-2C3C-43D2-BC10-02AA73FFC7C7}"
EndProject
Project("{FAE04EC0-301F-11D3-BF4B-00C04F79EFBC}") = "IoTDMClientLib", "IoTDMClientLib\IoTDMClientLib.csproj", "{F29E2C50-97BE-4C33-B601-E52AAB5596E9}"
	ProjectSection(ProjectDependencies) = postProject
		{241582CD-4861-4643-A7A2-21865B779AAF} = {241582CD-4861-4643-A7A2-21865B779AAF}
	EndProjectSection
EndProject
Project("{8BC9CEB8-8B4A-11D0-8D11-00A0C91BC942}") = "CommProxyTests", "..\tests\CommProxyTests\CommProxyTests.vcxproj", "{4352E901-C90F-4CAF-BD9E-D4E063C61BE6}"
EndProject
Project("{FAE04EC0-301F-11D3-BF4B-00C04F79EFBC}") = "DMDashboard", "..\samples\DMDashboard\DMDashboard.csproj", "{D535C726-4703-4670-A8D2-EC92A1CBE832}"
EndProject
Project("{FAE04EC0-301F-11D3-BF4B-00C04F79EFBC}") = "IoTDMClientLibTests", "..\tests\IoTDMClientLibTests\IoTDMClientLibTests.csproj", "{2E7A33DF-0F8B-4192-820D-1D09AECB5B80}"
EndProject
Project("{2150E333-8FDC-42A3-9474-1A3956D46DE8}") = "src", "src", "{48F869F6-CAD1-4DCA-90C3-231BC4ACC10F}"
EndProject
Project("{2150E333-8FDC-42A3-9474-1A3956D46DE8}") = "tests", "tests", "{ACADCA61-EDB4-4D41-A868-FEAEFBC8ED43}"
EndProject
Project("{2150E333-8FDC-42A3-9474-1A3956D46DE8}") = "samples", "samples", "{54FDFBB1-7B54-47C3-A032-053F92FBE87C}"
EndProject
Project("{FAE04EC0-301F-11D3-BF4B-00C04F79EFBC}") = "Toaster", "..\samples\ToasterApp\Toaster.csproj", "{2D2BEC79-D9BD-46F6-B2B6-0F63678C4EBB}"
	ProjectSection(ProjectDependencies) = postProject
		{D535C726-4703-4670-A8D2-EC92A1CBE832} = {D535C726-4703-4670-A8D2-EC92A1CBE832}
		{CBBD687C-3B2A-4216-8F74-754A72E05D7F} = {CBBD687C-3B2A-4216-8F74-754A72E05D7F}
		{C6AEFE90-4909-410B-8406-839AF6FD38B6} = {C6AEFE90-4909-410B-8406-839AF6FD38B6}
	EndProjectSection
EndProject
Project("{FAE04EC0-301F-11D3-BF4B-00C04F79EFBC}") = "IoTDMBackground", "..\samples\IoTDMBackground\IoTDMBackground.csproj", "{62476297-BAA8-4C6F-95A9-777D557E9919}"
	ProjectSection(ProjectDependencies) = postProject
		{D535C726-4703-4670-A8D2-EC92A1CBE832} = {D535C726-4703-4670-A8D2-EC92A1CBE832}
		{CBBD687C-3B2A-4216-8F74-754A72E05D7F} = {CBBD687C-3B2A-4216-8F74-754A72E05D7F}
		{C6AEFE90-4909-410B-8406-839AF6FD38B6} = {C6AEFE90-4909-410B-8406-839AF6FD38B6}
	EndProjectSection
EndProject
Project("{8BC9CEB8-8B4A-11D0-8D11-00A0C91BC942}") = "DMMessage", "DMMessage\DMMessage.vcxproj", "{241582CD-4861-4643-A7A2-21865B779AAF}"
EndProject
Project("{8BC9CEB8-8B4A-11D0-8D11-00A0C91BC942}") = "DMShared", "DMShared\DMShared.vcxitems", "{65CF34F0-6724-4C05-A90B-D0143772B0CC}"
EndProject
Project("{FAE04EC0-301F-11D3-BF4B-00C04F79EFBC}") = "IoTHubManager", "..\tests\IoTHubManager\IoTHubManager.csproj", "{16CE7DA3-EB9A-4D8D-8E0C-F07996E5C378}"
EndProject
Project("{8BC9CEB8-8B4A-11D0-8D11-00A0C91BC942}") = "CSPTests", "..\tests\CSPTests\CSPTests.vcxproj", "{A64DB0EF-13E8-4D43-8C09-534259C3818C}"
EndProject
Global
	GlobalSection(SharedMSBuildProjectFiles) = preSolution
		DMShared\DMShared.vcxitems*{241582cd-4861-4643-a7a2-21865b779aaf}*SharedItemsImports = 4
		DMShared\DMShared.vcxitems*{4352e901-c90f-4caf-bd9e-d4e063c61be6}*SharedItemsImports = 4
		SharedUtilities\SharedUtilities.vcxitems*{4352e901-c90f-4caf-bd9e-d4e063c61be6}*SharedItemsImports = 4
		SharedUtilities\SharedUtilities.vcxitems*{45d41acc-2c3c-43d2-bc10-02aa73ffc7c7}*SharedItemsImports = 9
		DMShared\DMShared.vcxitems*{65cf34f0-6724-4c05-a90b-d0143772b0cc}*SharedItemsImports = 9
		DMShared\DMShared.vcxitems*{c6aefe90-4909-410b-8406-839af6fd38b6}*SharedItemsImports = 4
		SharedUtilities\SharedUtilities.vcxitems*{c6aefe90-4909-410b-8406-839af6fd38b6}*SharedItemsImports = 4
		DMShared\DMShared.vcxitems*{cbbd687c-3b2a-4216-8f74-754a72e05d7f}*SharedItemsImports = 4
		SharedUtilities\SharedUtilities.vcxitems*{cbbd687c-3b2a-4216-8f74-754a72e05d7f}*SharedItemsImports = 4
	EndGlobalSection
	GlobalSection(SolutionConfigurationPlatforms) = preSolution
		Debug|ARM = Debug|ARM
		Debug|x64 = Debug|x64
		Debug|x86 = Debug|x86
		Release|ARM = Release|ARM
		Release|x64 = Release|x64
		Release|x86 = Release|x86
	EndGlobalSection
	GlobalSection(ProjectConfigurationPlatforms) = postSolution
		{CBBD687C-3B2A-4216-8F74-754A72E05D7F}.Debug|ARM.ActiveCfg = Debug|ARM
		{CBBD687C-3B2A-4216-8F74-754A72E05D7F}.Debug|ARM.Build.0 = Debug|ARM
		{CBBD687C-3B2A-4216-8F74-754A72E05D7F}.Debug|x64.ActiveCfg = Debug|x64
		{CBBD687C-3B2A-4216-8F74-754A72E05D7F}.Debug|x64.Build.0 = Debug|x64
		{CBBD687C-3B2A-4216-8F74-754A72E05D7F}.Debug|x86.ActiveCfg = Debug|Win32
		{CBBD687C-3B2A-4216-8F74-754A72E05D7F}.Release|ARM.ActiveCfg = Release|ARM
		{CBBD687C-3B2A-4216-8F74-754A72E05D7F}.Release|ARM.Build.0 = Release|ARM
		{CBBD687C-3B2A-4216-8F74-754A72E05D7F}.Release|x64.ActiveCfg = Release|x64
		{CBBD687C-3B2A-4216-8F74-754A72E05D7F}.Release|x64.Build.0 = Release|x64
		{CBBD687C-3B2A-4216-8F74-754A72E05D7F}.Release|x86.ActiveCfg = Release|Win32
		{CBBD687C-3B2A-4216-8F74-754A72E05D7F}.Release|x86.Build.0 = Release|Win32
		{C6AEFE90-4909-410B-8406-839AF6FD38B6}.Debug|ARM.ActiveCfg = Debug|ARM
		{C6AEFE90-4909-410B-8406-839AF6FD38B6}.Debug|ARM.Build.0 = Debug|ARM
		{C6AEFE90-4909-410B-8406-839AF6FD38B6}.Debug|x64.ActiveCfg = Debug|x64
		{C6AEFE90-4909-410B-8406-839AF6FD38B6}.Debug|x64.Build.0 = Debug|x64
		{C6AEFE90-4909-410B-8406-839AF6FD38B6}.Debug|x86.ActiveCfg = Debug|Win32
		{C6AEFE90-4909-410B-8406-839AF6FD38B6}.Debug|x86.Build.0 = Debug|Win32
		{C6AEFE90-4909-410B-8406-839AF6FD38B6}.Release|ARM.ActiveCfg = Release|ARM
		{C6AEFE90-4909-410B-8406-839AF6FD38B6}.Release|ARM.Build.0 = Release|ARM
		{C6AEFE90-4909-410B-8406-839AF6FD38B6}.Release|x64.ActiveCfg = Release|x64
		{C6AEFE90-4909-410B-8406-839AF6FD38B6}.Release|x64.Build.0 = Release|x64
		{C6AEFE90-4909-410B-8406-839AF6FD38B6}.Release|x86.ActiveCfg = Release|Win32
		{C6AEFE90-4909-410B-8406-839AF6FD38B6}.Release|x86.Build.0 = Release|Win32
		{F29E2C50-97BE-4C33-B601-E52AAB5596E9}.Debug|ARM.ActiveCfg = Debug|ARM
		{F29E2C50-97BE-4C33-B601-E52AAB5596E9}.Debug|ARM.Build.0 = Debug|ARM
		{F29E2C50-97BE-4C33-B601-E52AAB5596E9}.Debug|x64.ActiveCfg = Debug|x64
		{F29E2C50-97BE-4C33-B601-E52AAB5596E9}.Debug|x64.Build.0 = Debug|x64
		{F29E2C50-97BE-4C33-B601-E52AAB5596E9}.Debug|x86.ActiveCfg = Debug|x86
		{F29E2C50-97BE-4C33-B601-E52AAB5596E9}.Debug|x86.Build.0 = Debug|x86
		{F29E2C50-97BE-4C33-B601-E52AAB5596E9}.Release|ARM.ActiveCfg = Release|ARM
		{F29E2C50-97BE-4C33-B601-E52AAB5596E9}.Release|ARM.Build.0 = Release|ARM
		{F29E2C50-97BE-4C33-B601-E52AAB5596E9}.Release|x64.ActiveCfg = Release|x64
		{F29E2C50-97BE-4C33-B601-E52AAB5596E9}.Release|x64.Build.0 = Release|x64
		{F29E2C50-97BE-4C33-B601-E52AAB5596E9}.Release|x86.ActiveCfg = Release|x86
		{F29E2C50-97BE-4C33-B601-E52AAB5596E9}.Release|x86.Build.0 = Release|x86
		{4352E901-C90F-4CAF-BD9E-D4E063C61BE6}.Debug|ARM.ActiveCfg = Debug|ARM
		{4352E901-C90F-4CAF-BD9E-D4E063C61BE6}.Debug|ARM.Build.0 = Debug|ARM
		{4352E901-C90F-4CAF-BD9E-D4E063C61BE6}.Debug|x64.ActiveCfg = Debug|x64
		{4352E901-C90F-4CAF-BD9E-D4E063C61BE6}.Debug|x64.Build.0 = Debug|x64
		{4352E901-C90F-4CAF-BD9E-D4E063C61BE6}.Debug|x86.ActiveCfg = Debug|Win32
		{4352E901-C90F-4CAF-BD9E-D4E063C61BE6}.Debug|x86.Build.0 = Debug|Win32
		{4352E901-C90F-4CAF-BD9E-D4E063C61BE6}.Release|ARM.ActiveCfg = Release|ARM
		{4352E901-C90F-4CAF-BD9E-D4E063C61BE6}.Release|ARM.Build.0 = Release|ARM
		{4352E901-C90F-4CAF-BD9E-D4E063C61BE6}.Release|x64.ActiveCfg = Release|x64
		{4352E901-C90F-4CAF-BD9E-D4E063C61BE6}.Release|x64.Build.0 = Release|x64
		{4352E901-C90F-4CAF-BD9E-D4E063C61BE6}.Release|x86.ActiveCfg = Release|Win32
		{4352E901-C90F-4CAF-BD9E-D4E063C61BE6}.Release|x86.Build.0 = Release|Win32
		{D535C726-4703-4670-A8D2-EC92A1CBE832}.Debug|ARM.ActiveCfg = Debug|Any CPU
		{D535C726-4703-4670-A8D2-EC92A1CBE832}.Debug|ARM.Build.0 = Debug|Any CPU
		{D535C726-4703-4670-A8D2-EC92A1CBE832}.Debug|x64.ActiveCfg = Debug|Any CPU
		{D535C726-4703-4670-A8D2-EC92A1CBE832}.Debug|x64.Build.0 = Debug|Any CPU
		{D535C726-4703-4670-A8D2-EC92A1CBE832}.Debug|x86.ActiveCfg = Debug|Any CPU
		{D535C726-4703-4670-A8D2-EC92A1CBE832}.Debug|x86.Build.0 = Debug|Any CPU
		{D535C726-4703-4670-A8D2-EC92A1CBE832}.Release|ARM.ActiveCfg = Release|Any CPU
		{D535C726-4703-4670-A8D2-EC92A1CBE832}.Release|ARM.Build.0 = Release|Any CPU
		{D535C726-4703-4670-A8D2-EC92A1CBE832}.Release|x64.ActiveCfg = Release|Any CPU
		{D535C726-4703-4670-A8D2-EC92A1CBE832}.Release|x64.Build.0 = Release|Any CPU
		{D535C726-4703-4670-A8D2-EC92A1CBE832}.Release|x86.ActiveCfg = Release|Any CPU
		{D535C726-4703-4670-A8D2-EC92A1CBE832}.Release|x86.Build.0 = Release|Any CPU
		{2E7A33DF-0F8B-4192-820D-1D09AECB5B80}.Debug|ARM.ActiveCfg = Debug|ARM
		{2E7A33DF-0F8B-4192-820D-1D09AECB5B80}.Debug|ARM.Build.0 = Debug|ARM
		{2E7A33DF-0F8B-4192-820D-1D09AECB5B80}.Debug|x64.ActiveCfg = Debug|x64
		{2E7A33DF-0F8B-4192-820D-1D09AECB5B80}.Debug|x64.Build.0 = Debug|x64
		{2E7A33DF-0F8B-4192-820D-1D09AECB5B80}.Debug|x64.Deploy.0 = Debug|x64
		{2E7A33DF-0F8B-4192-820D-1D09AECB5B80}.Debug|x86.ActiveCfg = Debug|x86
		{2E7A33DF-0F8B-4192-820D-1D09AECB5B80}.Debug|x86.Build.0 = Debug|x86
		{2E7A33DF-0F8B-4192-820D-1D09AECB5B80}.Debug|x86.Deploy.0 = Debug|x86
		{2E7A33DF-0F8B-4192-820D-1D09AECB5B80}.Release|ARM.ActiveCfg = Release|ARM
		{2E7A33DF-0F8B-4192-820D-1D09AECB5B80}.Release|ARM.Build.0 = Release|ARM
		{2E7A33DF-0F8B-4192-820D-1D09AECB5B80}.Release|ARM.Deploy.0 = Release|ARM
		{2E7A33DF-0F8B-4192-820D-1D09AECB5B80}.Release|x64.ActiveCfg = Release|x64
		{2E7A33DF-0F8B-4192-820D-1D09AECB5B80}.Release|x64.Build.0 = Release|x64
		{2E7A33DF-0F8B-4192-820D-1D09AECB5B80}.Release|x64.Deploy.0 = Release|x64
		{2E7A33DF-0F8B-4192-820D-1D09AECB5B80}.Release|x86.ActiveCfg = Release|x86
		{2E7A33DF-0F8B-4192-820D-1D09AECB5B80}.Release|x86.Build.0 = Release|x86
		{2E7A33DF-0F8B-4192-820D-1D09AECB5B80}.Release|x86.Deploy.0 = Release|x86
		{2D2BEC79-D9BD-46F6-B2B6-0F63678C4EBB}.Debug|ARM.ActiveCfg = Debug|ARM
		{2D2BEC79-D9BD-46F6-B2B6-0F63678C4EBB}.Debug|ARM.Build.0 = Debug|ARM
		{2D2BEC79-D9BD-46F6-B2B6-0F63678C4EBB}.Debug|ARM.Deploy.0 = Debug|ARM
		{2D2BEC79-D9BD-46F6-B2B6-0F63678C4EBB}.Debug|x64.ActiveCfg = Debug|x64
		{2D2BEC79-D9BD-46F6-B2B6-0F63678C4EBB}.Debug|x64.Build.0 = Debug|x64
		{2D2BEC79-D9BD-46F6-B2B6-0F63678C4EBB}.Debug|x64.Deploy.0 = Debug|x64
		{2D2BEC79-D9BD-46F6-B2B6-0F63678C4EBB}.Debug|x86.ActiveCfg = Debug|x86
		{2D2BEC79-D9BD-46F6-B2B6-0F63678C4EBB}.Debug|x86.Build.0 = Debug|x86
		{2D2BEC79-D9BD-46F6-B2B6-0F63678C4EBB}.Debug|x86.Deploy.0 = Debug|x86
		{2D2BEC79-D9BD-46F6-B2B6-0F63678C4EBB}.Release|ARM.ActiveCfg = Release|ARM
		{2D2BEC79-D9BD-46F6-B2B6-0F63678C4EBB}.Release|ARM.Build.0 = Release|ARM
		{2D2BEC79-D9BD-46F6-B2B6-0F63678C4EBB}.Release|ARM.Deploy.0 = Release|ARM
		{2D2BEC79-D9BD-46F6-B2B6-0F63678C4EBB}.Release|x64.ActiveCfg = Release|x64
		{2D2BEC79-D9BD-46F6-B2B6-0F63678C4EBB}.Release|x64.Build.0 = Release|x64
		{2D2BEC79-D9BD-46F6-B2B6-0F63678C4EBB}.Release|x64.Deploy.0 = Release|x64
		{2D2BEC79-D9BD-46F6-B2B6-0F63678C4EBB}.Release|x86.ActiveCfg = Release|x86
		{2D2BEC79-D9BD-46F6-B2B6-0F63678C4EBB}.Release|x86.Build.0 = Release|x86
		{2D2BEC79-D9BD-46F6-B2B6-0F63678C4EBB}.Release|x86.Deploy.0 = Release|x86
		{62476297-BAA8-4C6F-95A9-777D557E9919}.Debug|ARM.ActiveCfg = Debug|ARM
		{62476297-BAA8-4C6F-95A9-777D557E9919}.Debug|ARM.Build.0 = Debug|ARM
		{62476297-BAA8-4C6F-95A9-777D557E9919}.Debug|ARM.Deploy.0 = Debug|ARM
		{62476297-BAA8-4C6F-95A9-777D557E9919}.Debug|x64.ActiveCfg = Debug|x64
		{62476297-BAA8-4C6F-95A9-777D557E9919}.Debug|x64.Build.0 = Debug|x64
		{62476297-BAA8-4C6F-95A9-777D557E9919}.Debug|x64.Deploy.0 = Debug|x64
		{62476297-BAA8-4C6F-95A9-777D557E9919}.Debug|x86.ActiveCfg = Debug|x86
		{62476297-BAA8-4C6F-95A9-777D557E9919}.Debug|x86.Build.0 = Debug|x86
		{62476297-BAA8-4C6F-95A9-777D557E9919}.Debug|x86.Deploy.0 = Debug|x86
		{62476297-BAA8-4C6F-95A9-777D557E9919}.Release|ARM.ActiveCfg = Release|ARM
		{62476297-BAA8-4C6F-95A9-777D557E9919}.Release|ARM.Build.0 = Release|ARM
		{62476297-BAA8-4C6F-95A9-777D557E9919}.Release|ARM.Deploy.0 = Release|ARM
		{62476297-BAA8-4C6F-95A9-777D557E9919}.Release|x64.ActiveCfg = Release|x64
		{62476297-BAA8-4C6F-95A9-777D557E9919}.Release|x64.Build.0 = Release|x64
		{62476297-BAA8-4C6F-95A9-777D557E9919}.Release|x64.Deploy.0 = Release|x64
		{62476297-BAA8-4C6F-95A9-777D557E9919}.Release|x86.ActiveCfg = Release|x86
		{62476297-BAA8-4C6F-95A9-777D557E9919}.Release|x86.Build.0 = Release|x86
		{62476297-BAA8-4C6F-95A9-777D557E9919}.Release|x86.Deploy.0 = Release|x86
		{241582CD-4861-4643-A7A2-21865B779AAF}.Debug|ARM.ActiveCfg = Debug|ARM
		{241582CD-4861-4643-A7A2-21865B779AAF}.Debug|ARM.Build.0 = Debug|ARM
		{241582CD-4861-4643-A7A2-21865B779AAF}.Debug|x64.ActiveCfg = Debug|x64
		{241582CD-4861-4643-A7A2-21865B779AAF}.Debug|x64.Build.0 = Debug|x64
		{241582CD-4861-4643-A7A2-21865B779AAF}.Debug|x86.ActiveCfg = Debug|Win32
		{241582CD-4861-4643-A7A2-21865B779AAF}.Debug|x86.Build.0 = Debug|Win32
		{241582CD-4861-4643-A7A2-21865B779AAF}.Release|ARM.ActiveCfg = Release|ARM
		{241582CD-4861-4643-A7A2-21865B779AAF}.Release|ARM.Build.0 = Release|ARM
		{241582CD-4861-4643-A7A2-21865B779AAF}.Release|x64.ActiveCfg = Release|x64
		{241582CD-4861-4643-A7A2-21865B779AAF}.Release|x64.Build.0 = Release|x64
		{241582CD-4861-4643-A7A2-21865B779AAF}.Release|x86.ActiveCfg = Release|Win32
		{241582CD-4861-4643-A7A2-21865B779AAF}.Release|x86.Build.0 = Release|Win32
		{16CE7DA3-EB9A-4D8D-8E0C-F07996E5C378}.Debug|ARM.ActiveCfg = Debug|Any CPU
		{16CE7DA3-EB9A-4D8D-8E0C-F07996E5C378}.Debug|ARM.Build.0 = Debug|Any CPU
		{16CE7DA3-EB9A-4D8D-8E0C-F07996E5C378}.Debug|x64.ActiveCfg = Debug|Any CPU
		{16CE7DA3-EB9A-4D8D-8E0C-F07996E5C378}.Debug|x64.Build.0 = Debug|Any CPU
		{16CE7DA3-EB9A-4D8D-8E0C-F07996E5C378}.Debug|x86.ActiveCfg = Debug|Any CPU
		{16CE7DA3-EB9A-4D8D-8E0C-F07996E5C378}.Debug|x86.Build.0 = Debug|Any CPU
		{16CE7DA3-EB9A-4D8D-8E0C-F07996E5C378}.Release|ARM.ActiveCfg = Release|Any CPU
		{16CE7DA3-EB9A-4D8D-8E0C-F07996E5C378}.Release|ARM.Build.0 = Release|Any CPU
		{16CE7DA3-EB9A-4D8D-8E0C-F07996E5C378}.Release|x64.ActiveCfg = Release|Any CPU
		{16CE7DA3-EB9A-4D8D-8E0C-F07996E5C378}.Release|x64.Build.0 = Release|Any CPU
		{16CE7DA3-EB9A-4D8D-8E0C-F07996E5C378}.Release|x86.ActiveCfg = Release|Any CPU
		{16CE7DA3-EB9A-4D8D-8E0C-F07996E5C378}.Release|x86.Build.0 = Release|Any CPU
		{A64DB0EF-13E8-4D43-8C09-534259C3818C}.Debug|ARM.ActiveCfg = Debug|ARM
		{A64DB0EF-13E8-4D43-8C09-534259C3818C}.Debug|ARM.Build.0 = Debug|ARM
		{A64DB0EF-13E8-4D43-8C09-534259C3818C}.Debug|x64.ActiveCfg = Debug|x64
		{A64DB0EF-13E8-4D43-8C09-534259C3818C}.Debug|x64.Build.0 = Debug|x64
		{A64DB0EF-13E8-4D43-8C09-534259C3818C}.Debug|x86.ActiveCfg = Debug|Win32
		{A64DB0EF-13E8-4D43-8C09-534259C3818C}.Debug|x86.Build.0 = Debug|Win32
		{A64DB0EF-13E8-4D43-8C09-534259C3818C}.Release|ARM.ActiveCfg = Release|ARM
		{A64DB0EF-13E8-4D43-8C09-534259C3818C}.Release|ARM.Build.0 = Release|ARM
		{A64DB0EF-13E8-4D43-8C09-534259C3818C}.Release|x64.ActiveCfg = Release|x64
		{A64DB0EF-13E8-4D43-8C09-534259C3818C}.Release|x64.Build.0 = Release|x64
		{A64DB0EF-13E8-4D43-8C09-534259C3818C}.Release|x86.ActiveCfg = Release|Win32
		{A64DB0EF-13E8-4D43-8C09-534259C3818C}.Release|x86.Build.0 = Release|Win32
	EndGlobalSection
	GlobalSection(SolutionProperties) = preSolution
		HideSolutionNode = FALSE
	EndGlobalSection
	GlobalSection(NestedProjects) = preSolution
		{CBBD687C-3B2A-4216-8F74-754A72E05D7F} = {48F869F6-CAD1-4DCA-90C3-231BC4ACC10F}
		{C6AEFE90-4909-410B-8406-839AF6FD38B6} = {48F869F6-CAD1-4DCA-90C3-231BC4ACC10F}
		{45D41ACC-2C3C-43D2-BC10-02AA73FFC7C7} = {48F869F6-CAD1-4DCA-90C3-231BC4ACC10F}
		{F29E2C50-97BE-4C33-B601-E52AAB5596E9} = {48F869F6-CAD1-4DCA-90C3-231BC4ACC10F}
		{4352E901-C90F-4CAF-BD9E-D4E063C61BE6} = {ACADCA61-EDB4-4D41-A868-FEAEFBC8ED43}
		{D535C726-4703-4670-A8D2-EC92A1CBE832} = {54FDFBB1-7B54-47C3-A032-053F92FBE87C}
		{2E7A33DF-0F8B-4192-820D-1D09AECB5B80} = {ACADCA61-EDB4-4D41-A868-FEAEFBC8ED43}
		{2D2BEC79-D9BD-46F6-B2B6-0F63678C4EBB} = {54FDFBB1-7B54-47C3-A032-053F92FBE87C}
		{62476297-BAA8-4C6F-95A9-777D557E9919} = {54FDFBB1-7B54-47C3-A032-053F92FBE87C}
		{241582CD-4861-4643-A7A2-21865B779AAF} = {48F869F6-CAD1-4DCA-90C3-231BC4ACC10F}
		{65CF34F0-6724-4C05-A90B-D0143772B0CC} = {48F869F6-CAD1-4DCA-90C3-231BC4ACC10F}
		{16CE7DA3-EB9A-4D8D-8E0C-F07996E5C378} = {ACADCA61-EDB4-4D41-A868-FEAEFBC8ED43}
		{A64DB0EF-13E8-4D43-8C09-534259C3818C} = {ACADCA61-EDB4-4D41-A868-FEAEFBC8ED43}
	EndGlobalSection
EndGlobal
